# This lock file was generated by conda-lock (https://github.com/conda/conda-lock). DO NOT EDIT!
#
# A "lock file" contains a concrete list of package versions (with checksums) to be installed. Unlike
# e.g. `conda env create`, the resulting environment will not change as new package versions become
# available, unless you explicitly update the lock file.
#
# Install this environment as "YOURENV" with:
#     conda-lock install -n YOURENV conda-lock.yml
# To update a single package to the latest version compatible with the version constraints in the source:
#     conda-lock lock  --lockfile conda-lock.yml --update PACKAGE
# To re-solve the entire environment, e.g. after changing a version constraint in the source file:
#     conda-lock -f environment.yml --lockfile conda-lock.yml
version: 1
metadata:
  content_hash:
    linux-64: f3c97a5a6194fda270226787700c1221e404be21505f2cedeffcc10fe4850a18
    osx-arm64: 685d34af3c1c5f49669f434354d81efa20668ce2cbb5f46c2e528596c023244a
    osx-64: 279c5dc444db92e18c75bb3d2208c05ccd6cab80da3313ce556c4c6b31042deb
    win-64: 53fd99ff6f514f008e7a89eed7706dd46a1e2084117f300f130fbafe0b242103
  channels:
  - url: conda-forge
    used_env_vars: []
  - url: bioconda
    used_env_vars: []
  - url: defaults
    used_env_vars: []
  platforms:
  - linux-64
  - osx-arm64
  - osx-64
  - win-64
  sources:
  - environment.yml
package:
- name: pandoc
  version: 3.2.1
  manager: conda
  platform: linux-64
  dependencies: {}
  url: https://conda.anaconda.org/conda-forge/linux-64/pandoc-3.2.1-ha770c72_0.conda
  hash:
    md5: b39b12d3809e4042f832b76192e0e7e8
    sha256: 130bcefaeeb55ed68ea4403d45b21105390292a2e3167779da099e241d713109
  category: main
  optional: false
- name: pandoc
  version: 3.2.1
  manager: conda
  platform: osx-64
  dependencies: {}
  url: https://conda.anaconda.org/conda-forge/osx-64/pandoc-3.2.1-h694c41f_0.conda
  hash:
    md5: 41918abf697bb6544ba287ef5e15cf16
    sha256: 48dedb78b6bf95ab5569c9d5d51a1f842dd754f4a9cf5132545d912eecaef391
  category: main
  optional: false
- name: pandoc
  version: 3.2.1
  manager: conda
  platform: osx-arm64
  dependencies: {}
  url: https://conda.anaconda.org/conda-forge/osx-arm64/pandoc-3.2.1-hce30654_0.conda
  hash:
    md5: 9ab1789fa84c40b8257002cc979a2e1a
    sha256: 46ada6736bc2448e88a7995e758d54b5f412e566d64a616e1d8de16384d9ef11
  category: main
  optional: false
- name: pandoc
  version: 3.2.1
  manager: conda
  platform: win-64
  dependencies: {}
  url: https://conda.anaconda.org/conda-forge/win-64/pandoc-3.2.1-h57928b3_0.conda
  hash:
    md5: 81b32fef1406927cd9d1ed0245dd333a
    sha256: 664dd6bbc54ed3a2c25193573deda2f3fb2c368844ab003906d94aa968dfdb98
  category: main
  optional: false
- name: pandoc-crossref
  version: 0.3.17.1
  manager: conda
  platform: linux-64
  dependencies:
    pandoc: '>=3.1.8,<3.3'
  url: https://conda.anaconda.org/conda-forge/linux-64/pandoc-crossref-0.3.17.1-ha770c72_0.conda
  hash:
    md5: 8981c5f27e1335c1a1f7430afc3b59c8
    sha256: 78a86eb482bc284745d1514100f41adb3a82373dae6fe48ad05682a530972246
  category: main
  optional: false
- name: pandoc-crossref
  version: 0.3.17.1
  manager: conda
  platform: osx-64
  dependencies:
    pandoc: '>=3.1.8,<3.3'
  url: https://conda.anaconda.org/conda-forge/osx-64/pandoc-crossref-0.3.17.1-h694c41f_0.conda
  hash:
    md5: 064a7ef033499703115802b5701af272
    sha256: ac9c5b0b7824306dc6db2cb7a52ad99beb3fcbf4827758d59bd3894400db6e23
  category: main
  optional: false
- name: pandoc-crossref
  version: 0.3.17.1
  manager: conda
  platform: osx-arm64
  dependencies:
    pandoc: '>=3.1.8,<3.3'
  url: https://conda.anaconda.org/conda-forge/osx-arm64/pandoc-crossref-0.3.17.1-hce30654_0.conda
  hash:
    md5: 9f89e55ddd4da1a13268fbdc6c003b70
    sha256: c4d5e80d56be2ad95244473ad1573e013f1faf71f14fd4868c51048630eefe2c
  category: main
  optional: false
- name: pandoc-crossref
  version: 0.3.17.1
  manager: conda
  platform: win-64
  dependencies:
    pandoc: '>=3.1.8,<3.3'
  url: https://conda.anaconda.org/conda-forge/win-64/pandoc-crossref-0.3.17.1-h57928b3_0.conda
  hash:
    md5: 7f682092c5ba69a571ef45851408717a
    sha256: 2d217c1e9d062b51fee371d2a2836fd644e10ae9b997317662bd5e6f71d95d38
  category: main
  optional: false
